
Microsoft Visual Studio Solution File, Format Version 12.00
# Visual Studio 15
VisualStudioVersion = 15.0.28307.572
MinimumVisualStudioVersion = 10.0.40219.1
Project("{FAE04EC0-301F-11D3-BF4B-00C04F79EFBC}") = "dengluzhuce", "dengluzhucce\dengluzhuce.csproj", "{81E499DD-61AF-44C3-B341-972F4903BADD}"
EndProject
Global
	GlobalSection(SolutionConfigurationPlatforms) = preSolution
		Debug|Any CPU = Debug|Any CPU
		Debug|x64 = Debug|x64
		Release|Any CPU = Release|Any CPU
		Release|x64 = Release|x64
	EndGlobalSection
	GlobalSection(ProjectConfigurationPlatforms) = postSolution
		{81E499DD-61AF-44C3-B341-972F4903BADD}.Debug|Any CPU.ActiveCfg = Debug|Any CPU
		{81E499DD-61AF-44C3-B341-972F4903BADD}.Debug|Any CPU.Build.0 = Debug|Any CPU
		{81E499DD-61AF-44C3-B341-972F4903BADD}.Debug|x64.ActiveCfg = Debug|x64
		{81E499DD-61AF-44C3-B341-972F4903BADD}.Debug|x64.Build.0 = Debug|x64
		{81E499DD-61AF-44C3-B341-972F4903BADD}.Release|Any CPU.ActiveCfg = Release|Any CPU
		{81E499DD-61AF-44C3-B341-972F4903BADD}.Release|Any CPU.Build.0 = Release|Any CPU
		{81E499DD-61AF-44C3-B341-972F4903BADD}.Release|x64.ActiveCfg = Release|x64
		{81E499DD-61AF-44C3-B341-972F4903BADD}.Release|x64.Build.0 = Release|x64
	EndGlobalSection
	GlobalSection(SolutionProperties) = preSolution
		HideSolutionNode = FALSE
	EndGlobalSection
	GlobalSection(ExtensibilityGlobals) = postSolution
		SolutionGuid = {8AC3DD65-8767-4B0A-9A91-67A619470C1D}
	EndGlobalSection
EndGlobal
